
Microsoft Visual Studio Solution File, Format Version 12.00
# Visual Studio 15
VisualStudioVersion = 15.0.27428.2043
MinimumVisualStudioVersion = 10.0.40219.1
Project("{FAE04EC0-301F-11D3-BF4B-00C04F79EFBC}") = "Streaming.WebSocket.Samples", "Streaming.WebSocket.Samples\Streaming.WebSocket.Samples.csproj", "{801ED19F-4800-494E-973B-D03EF5074201}"
EndProject
Global
	GlobalSection(SolutionConfigurationPlatforms) = preSolution
		Debug|Any CPU = Debug|Any CPU
		Release|Any CPU = Release|Any CPU
	EndGlobalSection
	GlobalSection(ProjectConfigurationPlatforms) = postSolution
		{801ED19F-4800-494E-973B-D03EF5074201}.Debug|Any CPU.ActiveCfg = Debug|Any CPU
		{801ED19F-4800-494E-973B-D03EF5074201}.Debug|Any CPU.Build.0 = Debug|Any CPU
		{801ED19F-4800-494E-973B-D03EF5074201}.Release|Any CPU.ActiveCfg = Release|Any CPU
		{801ED19F-4800-494E-973B-D03EF5074201}.Release|Any CPU.Build.0 = Release|Any CPU
	EndGlobalSection
	GlobalSection(SolutionProperties) = preSolution
		HideSolutionNode = FALSE
	EndGlobalSection
	GlobalSection(ExtensibilityGlobals) = postSolution
		SolutionGuid = {01838571-06F3-402F-83EE-5DE19D42956D}
	EndGlobalSection
EndGlobal
