
Microsoft Visual Studio Solution File, Format Version 12.00
# Visual Studio 15
VisualStudioVersion = 15.0.28307.902
MinimumVisualStudioVersion = 10.0.40219.1
Project("{FAE04EC0-301F-11D3-BF4B-00C04F79EFBC}") = "Sample.Auth.Pkce", "Sample.Auth.Pkce\Sample.Auth.Pkce.csproj", "{9FAC9E3C-D34B-4CCD-B9C1-7A134DB6AA9B}"
EndProject
Global
	GlobalSection(SolutionConfigurationPlatforms) = preSolution
		Debug|Any CPU = Debug|Any CPU
		Release|Any CPU = Release|Any CPU
	EndGlobalSection
	GlobalSection(ProjectConfigurationPlatforms) = postSolution
		{9FAC9E3C-D34B-4CCD-B9C1-7A134DB6AA9B}.Debug|Any CPU.ActiveCfg = Debug|Any CPU
		{9FAC9E3C-D34B-4CCD-B9C1-7A134DB6AA9B}.Debug|Any CPU.Build.0 = Debug|Any CPU
		{9FAC9E3C-D34B-4CCD-B9C1-7A134DB6AA9B}.Release|Any CPU.ActiveCfg = Release|Any CPU
		{9FAC9E3C-D34B-4CCD-B9C1-7A134DB6AA9B}.Release|Any CPU.Build.0 = Release|Any CPU
	EndGlobalSection
	GlobalSection(SolutionProperties) = preSolution
		HideSolutionNode = FALSE
	EndGlobalSection
	GlobalSection(ExtensibilityGlobals) = postSolution
		SolutionGuid = {745FA8AB-7346-444C-A586-ACBC35F28DA6}
	EndGlobalSection
EndGlobal
